{
    "name": "${reponame}",
    "version": "0.0.1",
    "lockfileVersion": 1,
    "requires": true,
    "dependencies": {
        "@semantic-release/changelog": {
            "version": "3.0.4",
            "resolved": "https://registry.npmjs.org/@semantic-release/changelog/-/changelog-3.0.4.tgz",
            "integrity": "sha512-UqEPahcZSW0IKtzOglyjeEZCN99ku6Wb/yH/iOKEBJ7Vkw0/+Fc3VRiGoXTkMfHSFUJk+4UkoQKTlYuwf61C2w==",
            "dev": true,
            "requires": {
                "@semantic-release/error": "^2.1.0",
                "aggregate-error": "^3.0.0",
                "fs-extra": "^8.0.0",
                "lodash": "^4.17.4"
            }
        },
        "@semantic-release/error": {
            "version": "2.2.0",
            "resolved": "https://registry.npmjs.org/@semantic-release/error/-/error-2.2.0.tgz",
            "integrity": "sha512-9Tj/qn+y2j+sjCI3Jd+qseGtHjOAeg7dU2/lVcqIQ9TV3QDaDXDYXcoOHU+7o2Hwh8L8ymL4gfuO7KxDs3q2zg==",
            "dev": true
        },
        "aggregate-error": {
            "version": "3.0.0",
            "resolved": "https://registry.npmjs.org/aggregate-error/-/aggregate-error-3.0.0.tgz",
            "integrity": "sha512-yKD9kEoJIR+2IFqhMwayIBgheLYbB3PS2OBhWae1L/ODTd/JF/30cW0bc9TqzRL3k4U41Dieu3BF4I29p8xesA==",
            "dev": true,
            "requires": {
                "clean-stack": "^2.0.0",
                "indent-string": "^3.2.0"
            }
        },
        "clean-stack": {
            "version": "2.1.0",
            "resolved": "https://registry.npmjs.org/clean-stack/-/clean-stack-2.1.0.tgz",
            "integrity": "sha512-uQWrpRm+iZZUCAp7ZZJQbd4Za9I3AjR/3YTjmcnAtkauaIm/T5CT6U8zVI6e60T6OANqBFAzuR9/HB3NzuZCRA==",
            "dev": true
        },
        "fs-extra": {
            "version": "8.1.0",
            "resolved": "https://registry.npmjs.org/fs-extra/-/fs-extra-8.1.0.tgz",
            "integrity": "sha512-yhlQgA6mnOJUKOsRUFsgJdQCvkKhcz8tlZG5HBQfReYZy46OwLcY+Zia0mtdHsOo9y/hP+CxMN0TU9QxoOtG4g==",
            "dev": true,
            "requires": {
                "graceful-fs": "^4.2.0",
                "jsonfile": "^4.0.0",
                "universalify": "^0.1.0"
            }
        },
        "graceful-fs": {
            "version": "4.2.0",
            "resolved": "https://registry.npmjs.org/graceful-fs/-/graceful-fs-4.2.0.tgz",
            "integrity": "sha512-jpSvDPV4Cq/bgtpndIWbI5hmYxhQGHPC4d4cqBPb4DLniCfhJokdXhwhaDuLBGLQdvvRum/UiX6ECVIPvDXqdg==",
            "dev": true
        },
        "indent-string": {
            "version": "3.2.0",
            "resolved": "https://registry.npmjs.org/indent-string/-/indent-string-3.2.0.tgz",
            "integrity": "sha1-Sl/W0nzDMvN+VBmlBNu4NxBckok=",
            "dev": true
        },
        "jsonfile": {
            "version": "4.0.0",
            "resolved": "https://registry.npmjs.org/jsonfile/-/jsonfile-4.0.0.tgz",
            "integrity": "sha1-h3Gq4HmbZAdrdmQPygWPnBDjPss=",
            "dev": true,
            "requires": {
                "graceful-fs": "^4.1.6"
            }
        },
        "lodash": {
            "version": "4.17.14",
            "resolved": "https://registry.npmjs.org/lodash/-/lodash-4.17.14.tgz",
            "integrity": "sha512-mmKYbW3GLuJeX+iGP+Y7Gp1AiGHGbXHCOh/jZmrawMmsE7MS4znI3RL2FsjbqOyMayHInjOeykW7PEajUk1/xw==",
            "dev": true
        },
        "universalify": {
            "version": "0.1.2",
            "resolved": "https://registry.npmjs.org/universalify/-/universalify-0.1.2.tgz",
            "integrity": "sha512-rBJeI5CXAlmy1pV+617WB9J63U6XcazHHF2f2dbJix4XzpUF0RS3Zbj0FGIOCAva5P/d/GBOYaACQ1w+0azUkg==",
            "dev": true
        }
    }
}
