{
  "name": "@mcschema/java-1.17",
  "version": "0.1.8",
  "lockfileVersion": 1,
  "requires": true,
  "dependencies": {
    "@mcschema/core": {
      "version": "0.11.4",
      "resolved": "https://registry.npmjs.org/@mcschema/core/-/core-0.11.4.tgz",
      "integrity": "sha512-ZLB+fJxOdwbfHqwxcKZkIwEKGMYU1dF5S1X9yA9C5KbHrBNK4niZfdinH3Z64qiNGmB7LP5t0IIktNb0QZQWXg=="
    }
  }
}
